
Microsoft Visual Studio Solution File, Format Version 12.00
# Visual Studio Version 17
VisualStudioVersion = 17.0.32112.339
MinimumVisualStudioVersion = 10.0.40219.1
Project("{8BC9CEB8-8B4A-11D0-8D11-00A0C91BC942}") = "ScreenCap", "ScreenCap\ScreenCap.vcxproj", "{24EAD790-CA54-4030-A9FA-DBF0AC38D338}"
EndProject
Project("{8BC9CEB8-8B4A-11D0-8D11-00A0C91BC942}") = "test", "test\test.vcxproj", "{BE8DE551-471A-4B42-A04C-53270E3E551F}"
EndProject
Project("{8BC9CEB8-8B4A-11D0-8D11-00A0C91BC942}") = "platformio", "Twilight_IO\platformio.vcxproj", "{0FA9C3A8-452B-41EF-A418-9102B170F49F}"
EndProject
Global
	GlobalSection(SolutionConfigurationPlatforms) = preSolution
		Debug|x64 = Debug|x64
		Debug|x86 = Debug|x86
		Release|x64 = Release|x64
		Release|x86 = Release|x86
	EndGlobalSection
	GlobalSection(ProjectConfigurationPlatforms) = postSolution
		{24EAD790-CA54-4030-A9FA-DBF0AC38D338}.Debug|x64.ActiveCfg = Debug|x64
		{24EAD790-CA54-4030-A9FA-DBF0AC38D338}.Debug|x64.Build.0 = Debug|x64
		{24EAD790-CA54-4030-A9FA-DBF0AC38D338}.Debug|x86.ActiveCfg = Debug|Win32
		{24EAD790-CA54-4030-A9FA-DBF0AC38D338}.Debug|x86.Build.0 = Debug|Win32
		{24EAD790-CA54-4030-A9FA-DBF0AC38D338}.Release|x64.ActiveCfg = Release|x64
		{24EAD790-CA54-4030-A9FA-DBF0AC38D338}.Release|x64.Build.0 = Release|x64
		{24EAD790-CA54-4030-A9FA-DBF0AC38D338}.Release|x86.ActiveCfg = Release|Win32
		{24EAD790-CA54-4030-A9FA-DBF0AC38D338}.Release|x86.Build.0 = Release|Win32
		{BE8DE551-471A-4B42-A04C-53270E3E551F}.Debug|x64.ActiveCfg = Debug|x64
		{BE8DE551-471A-4B42-A04C-53270E3E551F}.Debug|x64.Build.0 = Debug|x64
		{BE8DE551-471A-4B42-A04C-53270E3E551F}.Debug|x86.ActiveCfg = Debug|Win32
		{BE8DE551-471A-4B42-A04C-53270E3E551F}.Debug|x86.Build.0 = Debug|Win32
		{BE8DE551-471A-4B42-A04C-53270E3E551F}.Release|x64.ActiveCfg = Release|x64
		{BE8DE551-471A-4B42-A04C-53270E3E551F}.Release|x64.Build.0 = Release|x64
		{BE8DE551-471A-4B42-A04C-53270E3E551F}.Release|x86.ActiveCfg = Release|Win32
		{BE8DE551-471A-4B42-A04C-53270E3E551F}.Release|x86.Build.0 = Release|Win32
		{0FA9C3A8-452B-41EF-A418-9102B170F49F}.Debug|x64.ActiveCfg = Debug|Win32
		{0FA9C3A8-452B-41EF-A418-9102B170F49F}.Debug|x64.Build.0 = Debug|Win32
		{0FA9C3A8-452B-41EF-A418-9102B170F49F}.Debug|x86.ActiveCfg = Debug|Win32
		{0FA9C3A8-452B-41EF-A418-9102B170F49F}.Debug|x86.Build.0 = Debug|Win32
		{0FA9C3A8-452B-41EF-A418-9102B170F49F}.Release|x64.ActiveCfg = Release|Win32
		{0FA9C3A8-452B-41EF-A418-9102B170F49F}.Release|x64.Build.0 = Release|Win32
		{0FA9C3A8-452B-41EF-A418-9102B170F49F}.Release|x86.ActiveCfg = Release|Win32
		{0FA9C3A8-452B-41EF-A418-9102B170F49F}.Release|x86.Build.0 = Release|Win32
	EndGlobalSection
	GlobalSection(SolutionProperties) = preSolution
		HideSolutionNode = FALSE
	EndGlobalSection
	GlobalSection(ExtensibilityGlobals) = postSolution
		SolutionGuid = {D58C737E-9F94-4541-A0FB-6F539578CA0F}
	EndGlobalSection
EndGlobal
