
Microsoft Visual Studio Solution File, Format Version 12.00
# Visual Studio Version 17
VisualStudioVersion = 17.0.32112.339
MinimumVisualStudioVersion = 10.0.40219.1
Project("{9A19103F-16F7-4668-BE54-9A1E7A4F7556}") = "GMS_LotteryTracker", "GMS_LotteryTracker\GMS_LotteryTracker.csproj", "{6A0DB606-A52C-4A74-ACC3-CE863B665DF2}"
EndProject
Project("{FAE04EC0-301F-11D3-BF4B-00C04F79EFBC}") = "testApp", "testApp\testApp.csproj", "{95C17439-5C85-40DE-B604-BF5301A491CB}"
EndProject
Global
	GlobalSection(SolutionConfigurationPlatforms) = preSolution
		Debug|Any CPU = Debug|Any CPU
		Release|Any CPU = Release|Any CPU
	EndGlobalSection
	GlobalSection(ProjectConfigurationPlatforms) = postSolution
		{6A0DB606-A52C-4A74-ACC3-CE863B665DF2}.Debug|Any CPU.ActiveCfg = Debug|Any CPU
		{6A0DB606-A52C-4A74-ACC3-CE863B665DF2}.Debug|Any CPU.Build.0 = Debug|Any CPU
		{6A0DB606-A52C-4A74-ACC3-CE863B665DF2}.Release|Any CPU.ActiveCfg = Release|Any CPU
		{6A0DB606-A52C-4A74-ACC3-CE863B665DF2}.Release|Any CPU.Build.0 = Release|Any CPU
		{95C17439-5C85-40DE-B604-BF5301A491CB}.Debug|Any CPU.ActiveCfg = Debug|Any CPU
		{95C17439-5C85-40DE-B604-BF5301A491CB}.Debug|Any CPU.Build.0 = Debug|Any CPU
		{95C17439-5C85-40DE-B604-BF5301A491CB}.Release|Any CPU.ActiveCfg = Release|Any CPU
		{95C17439-5C85-40DE-B604-BF5301A491CB}.Release|Any CPU.Build.0 = Release|Any CPU
	EndGlobalSection
	GlobalSection(SolutionProperties) = preSolution
		HideSolutionNode = FALSE
	EndGlobalSection
	GlobalSection(ExtensibilityGlobals) = postSolution
		SolutionGuid = {DEFFE31C-A7EB-4040-A4F0-7F11172FB879}
	EndGlobalSection
EndGlobal
